// !$*UTF8*$!
{
	archiveVersion = 1;
	classes = {
	};
	objectVersion = 46;
	objects = {

/* Begin PBXBuildFile section */
		1D748BE234BC063EAE3F4141 /* Pods_Time.framework in Frameworks */ = {isa = PBXBuildFile; fileRef = 57F12CD1F860934C2362F841 /* Pods_Time.framework */; };
		AC16DBC51EC96CF8000A0D02 /* Assets.xcassets in Resources */ = {isa = PBXBuildFile; fileRef = AC16DBC41EC96CF8000A0D02 /* Assets.xcassets */; };
		AC16DBC81EC96CF8000A0D02 /* LaunchScreen.storyboard in Resources */ = {isa = PBXBuildFile; fileRef = AC16DBC61EC96CF8000A0D02 /* LaunchScreen.storyboard */; };
		AC16DBD31EC96CF8000A0D02 /* TimeTests.swift in Sources */ = {isa = PBXBuildFile; fileRef = AC16DBD21EC96CF8000A0D02 /* TimeTests.swift */; };
		AC16DBDE1EC96CF8000A0D02 /* TimeUITests.swift in Sources */ = {isa = PBXBuildFile; fileRef = AC16DBDD1EC96CF8000A0D02 /* TimeUITests.swift */; };
		AC16DBF61EC96DCB000A0D02 /* ProjectViewController.swift in Sources */ = {isa = PBXBuildFile; fileRef = AC16DBF51EC96DCB000A0D02 /* ProjectViewController.swift */; };
		AC16DBFA1EC96E0B000A0D02 /* Session.swift in Sources */ = {isa = PBXBuildFile; fileRef = AC16DBF71EC96E0B000A0D02 /* Session.swift */; };
		AC16DBFC1EC96E0B000A0D02 /* TimerTableViewCell.swift in Sources */ = {isa = PBXBuildFile; fileRef = AC16DBF91EC96E0B000A0D02 /* TimerTableViewCell.swift */; };
		AC16DBFE1EC96E7D000A0D02 /* ProjectTimer.swift in Sources */ = {isa = PBXBuildFile; fileRef = AC16DBFD1EC96E7D000A0D02 /* ProjectTimer.swift */; };
		AC16DC001EC96EA4000A0D02 /* ProjectController.swift in Sources */ = {isa = PBXBuildFile; fileRef = AC16DBFF1EC96EA4000A0D02 /* ProjectController.swift */; };
		AC16DC021EC96EBA000A0D02 /* Project.swift in Sources */ = {isa = PBXBuildFile; fileRef = AC16DC011EC96EBA000A0D02 /* Project.swift */; };
		AC16DC041EC96ED9000A0D02 /* AppDelegate.swift in Sources */ = {isa = PBXBuildFile; fileRef = AC16DC031EC96ED9000A0D02 /* AppDelegate.swift */; };
		AC16DC061EC96EEE000A0D02 /* AddTableViewController copy.swift in Sources */ = {isa = PBXBuildFile; fileRef = AC16DC051EC96EEE000A0D02 /* AddTableViewController copy.swift */; };
		AC16DC091ECA3381000A0D02 /* SessionController.swift in Sources */ = {isa = PBXBuildFile; fileRef = AC16DC081ECA3381000A0D02 /* SessionController.swift */; };
		AC16DC0C1ECA73C2000A0D02 /* Main.storyboard in Resources */ = {isa = PBXBuildFile; fileRef = AC16DC0A1ECA73C2000A0D02 /* Main.storyboard */; };
		AC1E537D1ECBED6E00C2BF54 /* GoogleService-Info.plist in Resources */ = {isa = PBXBuildFile; fileRef = AC1E537C1ECBED6E00C2BF54 /* GoogleService-Info.plist */; };
		AC1E537E1ECBED8A00C2BF54 /* GoogleService-Info.plist in Resources */ = {isa = PBXBuildFile; fileRef = AC1E537C1ECBED6E00C2BF54 /* GoogleService-Info.plist */; };
		AC1E537F1ECBED8A00C2BF54 /* GoogleService-Info.plist in Resources */ = {isa = PBXBuildFile; fileRef = AC1E537C1ECBED6E00C2BF54 /* GoogleService-Info.plist */; };
		AC76C30E1ECE89C00090A3FE /* TabBarController.swift in Sources */ = {isa = PBXBuildFile; fileRef = AC76C30D1ECE89C00090A3FE /* TabBarController.swift */; };
		AC76C3101ECE952B0090A3FE /* Category.swift in Sources */ = {isa = PBXBuildFile; fileRef = AC76C30F1ECE952B0090A3FE /* Category.swift */; };
		AC76C3121ECE9A6C0090A3FE /* CategoryController.swift in Sources */ = {isa = PBXBuildFile; fileRef = AC76C3111ECE9A6C0090A3FE /* CategoryController.swift */; };
		AC83731E1ECD35D9000CD47B /* User.swift in Sources */ = {isa = PBXBuildFile; fileRef = AC83731D1ECD35D9000CD47B /* User.swift */; };
		AC8373201ECD4188000CD47B /* SignInViewController.swift in Sources */ = {isa = PBXBuildFile; fileRef = AC83731F1ECD4188000CD47B /* SignInViewController.swift */; };
		AC8373261ECD4E39000CD47B /* UserController.swift in Sources */ = {isa = PBXBuildFile; fileRef = AC8373251ECD4E39000CD47B /* UserController.swift */; };
		ACEA96B81ECAD247002C2334 /* LargeTimerTableViewCell.swift in Sources */ = {isa = PBXBuildFile; fileRef = ACEA96B71ECAD247002C2334 /* LargeTimerTableViewCell.swift */; };
		D9223D89E3708EE628611970 /* Pods_TimeTests.framework in Frameworks */ = {isa = PBXBuildFile; fileRef = 79400ED8229FF127A82E9958 /* Pods_TimeTests.framework */; };
		FFD470F73937CD8A371F5A90 /* Pods_TimeUITests.framework in Frameworks */ = {isa = PBXBuildFile; fileRef = 25D30D569AC65A21C595C926 /* Pods_TimeUITests.framework */; };
/* End PBXBuildFile section */

/* Begin PBXContainerItemProxy section */
		AC16DBCF1EC96CF8000A0D02 /* PBXContainerItemProxy */ = {
			isa = PBXContainerItemProxy;
			containerPortal = AC16DBB21EC96CF8000A0D02 /* Project object */;
			proxyType = 1;
			remoteGlobalIDString = AC16DBB91EC96CF8000A0D02;
			remoteInfo = Time;
		};
		AC16DBDA1EC96CF8000A0D02 /* PBXContainerItemProxy */ = {
			isa = PBXContainerItemProxy;
			containerPortal = AC16DBB21EC96CF8000A0D02 /* Project object */;
			proxyType = 1;
			remoteGlobalIDString = AC16DBB91EC96CF8000A0D02;
			remoteInfo = Time;
		};
/* End PBXContainerItemProxy section */

/* Begin PBXFileReference section */
		0A5EF3B0B3751712B87157DA /* Pods-TimeUITests.release.xcconfig */ = {isa = PBXFileReference; includeInIndex = 1; lastKnownFileType = text.xcconfig; name = "Pods-TimeUITests.release.xcconfig"; path = "Pods/Target Support Files/Pods-TimeUITests/Pods-TimeUITests.release.xcconfig"; sourceTree = "<group>"; };
		25D30D569AC65A21C595C926 /* Pods_TimeUITests.framework */ = {isa = PBXFileReference; explicitFileType = wrapper.framework; includeInIndex = 0; path = Pods_TimeUITests.framework; sourceTree = BUILT_PRODUCTS_DIR; };
		56A0711B2747209FD9E12E2F /* Pods-TimeUITests.debug.xcconfig */ = {isa = PBXFileReference; includeInIndex = 1; lastKnownFileType = text.xcconfig; name = "Pods-TimeUITests.debug.xcconfig"; path = "Pods/Target Support Files/Pods-TimeUITests/Pods-TimeUITests.debug.xcconfig"; sourceTree = "<group>"; };
		57F12CD1F860934C2362F841 /* Pods_Time.framework */ = {isa = PBXFileReference; explicitFileType = wrapper.framework; includeInIndex = 0; path = Pods_Time.framework; sourceTree = BUILT_PRODUCTS_DIR; };
		5A1A961D939352D2BEEA3B79 /* Pods-TimeTests.release.xcconfig */ = {isa = PBXFileReference; includeInIndex = 1; lastKnownFileType = text.xcconfig; name = "Pods-TimeTests.release.xcconfig"; path = "Pods/Target Support Files/Pods-TimeTests/Pods-TimeTests.release.xcconfig"; sourceTree = "<group>"; };
		79400ED8229FF127A82E9958 /* Pods_TimeTests.framework */ = {isa = PBXFileReference; explicitFileType = wrapper.framework; includeInIndex = 0; path = Pods_TimeTests.framework; sourceTree = BUILT_PRODUCTS_DIR; };
		AC16DBBA1EC96CF8000A0D02 /* Time.app */ = {isa = PBXFileReference; explicitFileType = wrapper.application; includeInIndex = 0; path = Time.app; sourceTree = BUILT_PRODUCTS_DIR; };
		AC16DBC41EC96CF8000A0D02 /* Assets.xcassets */ = {isa = PBXFileReference; lastKnownFileType = folder.assetcatalog; path = Assets.xcassets; sourceTree = "<group>"; };
		AC16DBC71EC96CF8000A0D02 /* Base */ = {isa = PBXFileReference; lastKnownFileType = file.storyboard; name = Base; path = Base.lproj/LaunchScreen.storyboard; sourceTree = "<group>"; };
		AC16DBC91EC96CF8000A0D02 /* Info.plist */ = {isa = PBXFileReference; lastKnownFileType = text.plist.xml; path = Info.plist; sourceTree = "<group>"; };
		AC16DBCE1EC96CF8000A0D02 /* TimeTests.xctest */ = {isa = PBXFileReference; explicitFileType = wrapper.cfbundle; includeInIndex = 0; path = TimeTests.xctest; sourceTree = BUILT_PRODUCTS_DIR; };
		AC16DBD21EC96CF8000A0D02 /* TimeTests.swift */ = {isa = PBXFileReference; lastKnownFileType = sourcecode.swift; path = TimeTests.swift; sourceTree = "<group>"; };
		AC16DBD41EC96CF8000A0D02 /* Info.plist */ = {isa = PBXFileReference; lastKnownFileType = text.plist.xml; path = Info.plist; sourceTree = "<group>"; };
		AC16DBD91EC96CF8000A0D02 /* TimeUITests.xctest */ = {isa = PBXFileReference; explicitFileType = wrapper.cfbundle; includeInIndex = 0; path = TimeUITests.xctest; sourceTree = BUILT_PRODUCTS_DIR; };
		AC16DBDD1EC96CF8000A0D02 /* TimeUITests.swift */ = {isa = PBXFileReference; lastKnownFileType = sourcecode.swift; path = TimeUITests.swift; sourceTree = "<group>"; };
		AC16DBDF1EC96CF8000A0D02 /* Info.plist */ = {isa = PBXFileReference; lastKnownFileType = text.plist.xml; path = Info.plist; sourceTree = "<group>"; };
		AC16DBF51EC96DCB000A0D02 /* ProjectViewController.swift */ = {isa = PBXFileReference; fileEncoding = 4; lastKnownFileType = sourcecode.swift; path = ProjectViewController.swift; sourceTree = "<group>"; usesTabs = 1; };
		AC16DBF71EC96E0B000A0D02 /* Session.swift */ = {isa = PBXFileReference; fileEncoding = 4; lastKnownFileType = sourcecode.swift; path = Session.swift; sourceTree = "<group>"; };
		AC16DBF91EC96E0B000A0D02 /* TimerTableViewCell.swift */ = {isa = PBXFileReference; fileEncoding = 4; lastKnownFileType = sourcecode.swift; path = TimerTableViewCell.swift; sourceTree = "<group>"; };
		AC16DBFD1EC96E7D000A0D02 /* ProjectTimer.swift */ = {isa = PBXFileReference; fileEncoding = 4; lastKnownFileType = sourcecode.swift; path = ProjectTimer.swift; sourceTree = "<group>"; };
		AC16DBFF1EC96EA4000A0D02 /* ProjectController.swift */ = {isa = PBXFileReference; fileEncoding = 4; lastKnownFileType = sourcecode.swift; path = ProjectController.swift; sourceTree = "<group>"; };
		AC16DC011EC96EBA000A0D02 /* Project.swift */ = {isa = PBXFileReference; fileEncoding = 4; lastKnownFileType = sourcecode.swift; path = Project.swift; sourceTree = "<group>"; };
		AC16DC031EC96ED9000A0D02 /* AppDelegate.swift */ = {isa = PBXFileReference; fileEncoding = 4; lastKnownFileType = sourcecode.swift; path = AppDelegate.swift; sourceTree = "<group>"; };
		AC16DC051EC96EEE000A0D02 /* AddTableViewController copy.swift */ = {isa = PBXFileReference; fileEncoding = 4; lastKnownFileType = sourcecode.swift; path = "AddTableViewController copy.swift"; sourceTree = "<group>"; };
		AC16DC081ECA3381000A0D02 /* SessionController.swift */ = {isa = PBXFileReference; fileEncoding = 4; lastKnownFileType = sourcecode.swift; path = SessionController.swift; sourceTree = "<group>"; };
		AC16DC0B1ECA73C2000A0D02 /* Base */ = {isa = PBXFileReference; lastKnownFileType = file.storyboard; name = Base; path = Base.lproj/Main.storyboard; sourceTree = "<group>"; };
		AC1E537C1ECBED6E00C2BF54 /* GoogleService-Info.plist */ = {isa = PBXFileReference; fileEncoding = 4; lastKnownFileType = text.plist.xml; name = "GoogleService-Info.plist"; path = "../../../../Downloads/GoogleService-Info.plist"; sourceTree = "<group>"; };
		AC76C30D1ECE89C00090A3FE /* TabBarController.swift */ = {isa = PBXFileReference; fileEncoding = 4; lastKnownFileType = sourcecode.swift; path = TabBarController.swift; sourceTree = "<group>"; };
		AC76C30F1ECE952B0090A3FE /* Category.swift */ = {isa = PBXFileReference; fileEncoding = 4; lastKnownFileType = sourcecode.swift; path = Category.swift; sourceTree = "<group>"; };
		AC76C3111ECE9A6C0090A3FE /* CategoryController.swift */ = {isa = PBXFileReference; fileEncoding = 4; lastKnownFileType = sourcecode.swift; path = CategoryController.swift; sourceTree = "<group>"; };
		AC83731D1ECD35D9000CD47B /* User.swift */ = {isa = PBXFileReference; fileEncoding = 4; lastKnownFileType = sourcecode.swift; path = User.swift; sourceTree = "<group>"; };
		AC83731F1ECD4188000CD47B /* SignInViewController.swift */ = {isa = PBXFileReference; fileEncoding = 4; lastKnownFileType = sourcecode.swift; path = SignInViewController.swift; sourceTree = "<group>"; };
		AC8373251ECD4E39000CD47B /* UserController.swift */ = {isa = PBXFileReference; fileEncoding = 4; lastKnownFileType = sourcecode.swift; path = UserController.swift; sourceTree = "<group>"; };
		ACEA96B71ECAD247002C2334 /* LargeTimerTableViewCell.swift */ = {isa = PBXFileReference; fileEncoding = 4; lastKnownFileType = sourcecode.swift; path = LargeTimerTableViewCell.swift; sourceTree = "<group>"; };
		B7022EDDC8331C7CCEAC3ECA /* Pods-TimeTests.debug.xcconfig */ = {isa = PBXFileReference; includeInIndex = 1; lastKnownFileType = text.xcconfig; name = "Pods-TimeTests.debug.xcconfig"; path = "Pods/Target Support Files/Pods-TimeTests/Pods-TimeTests.debug.xcconfig"; sourceTree = "<group>"; };
		BED5F404D01003B35CC4B40A /* Pods-Time.debug.xcconfig */ = {isa = PBXFileReference; includeInIndex = 1; lastKnownFileType = text.xcconfig; name = "Pods-Time.debug.xcconfig"; path = "Pods/Target Support Files/Pods-Time/Pods-Time.debug.xcconfig"; sourceTree = "<group>"; };
		D4A8F02873D7EBB47813ECCB /* Pods-Time.release.xcconfig */ = {isa = PBXFileReference; includeInIndex = 1; lastKnownFileType = text.xcconfig; name = "Pods-Time.release.xcconfig"; path = "Pods/Target Support Files/Pods-Time/Pods-Time.release.xcconfig"; sourceTree = "<group>"; };
/* End PBXFileReference section */

/* Begin PBXFrameworksBuildPhase section */
		AC16DBB71EC96CF8000A0D02 /* Frameworks */ = {
			isa = PBXFrameworksBuildPhase;
			buildActionMask = 2147483647;
			files = (
				1D748BE234BC063EAE3F4141 /* Pods_Time.framework in Frameworks */,
			);
			runOnlyForDeploymentPostprocessing = 0;
		};
		AC16DBCB1EC96CF8000A0D02 /* Frameworks */ = {
			isa = PBXFrameworksBuildPhase;
			buildActionMask = 2147483647;
			files = (
				D9223D89E3708EE628611970 /* Pods_TimeTests.framework in Frameworks */,
			);
			runOnlyForDeploymentPostprocessing = 0;
		};
		AC16DBD61EC96CF8000A0D02 /* Frameworks */ = {
			isa = PBXFrameworksBuildPhase;
			buildActionMask = 2147483647;
			files = (
				FFD470F73937CD8A371F5A90 /* Pods_TimeUITests.framework in Frameworks */,
			);
			runOnlyForDeploymentPostprocessing = 0;
		};
/* End PBXFrameworksBuildPhase section */

/* Begin PBXGroup section */
		42D354741312EE615CD89F55 /* Pods */ = {
			isa = PBXGroup;
			children = (
				BED5F404D01003B35CC4B40A /* Pods-Time.debug.xcconfig */,
				D4A8F02873D7EBB47813ECCB /* Pods-Time.release.xcconfig */,
				B7022EDDC8331C7CCEAC3ECA /* Pods-TimeTests.debug.xcconfig */,
				5A1A961D939352D2BEEA3B79 /* Pods-TimeTests.release.xcconfig */,
				56A0711B2747209FD9E12E2F /* Pods-TimeUITests.debug.xcconfig */,
				0A5EF3B0B3751712B87157DA /* Pods-TimeUITests.release.xcconfig */,
			);
			name = Pods;
			sourceTree = "<group>";
		};
		A492C8832C2ED22BA0F0FE1E /* Frameworks */ = {
			isa = PBXGroup;
			children = (
				57F12CD1F860934C2362F841 /* Pods_Time.framework */,
				79400ED8229FF127A82E9958 /* Pods_TimeTests.framework */,
				25D30D569AC65A21C595C926 /* Pods_TimeUITests.framework */,
			);
			name = Frameworks;
			sourceTree = "<group>";
		};
		AC16DBB11EC96CF8000A0D02 = {
			isa = PBXGroup;
			children = (
				AC16DBBC1EC96CF8000A0D02 /* Time */,
				AC16DBD11EC96CF8000A0D02 /* TimeTests */,
				AC16DBDC1EC96CF8000A0D02 /* TimeUITests */,
				AC16DBBB1EC96CF8000A0D02 /* Products */,
				42D354741312EE615CD89F55 /* Pods */,
				A492C8832C2ED22BA0F0FE1E /* Frameworks */,
			);
			sourceTree = "<group>";
		};
		AC16DBBB1EC96CF8000A0D02 /* Products */ = {
			isa = PBXGroup;
			children = (
				AC16DBBA1EC96CF8000A0D02 /* Time.app */,
				AC16DBCE1EC96CF8000A0D02 /* TimeTests.xctest */,
				AC16DBD91EC96CF8000A0D02 /* TimeUITests.xctest */,
			);
			name = Products;
			sourceTree = "<group>";
		};
		AC16DBBC1EC96CF8000A0D02 /* Time */ = {
			isa = PBXGroup;
			children = (
				AC16DC031EC96ED9000A0D02 /* AppDelegate.swift */,
				AC76C30D1ECE89C00090A3FE /* TabBarController.swift */,
				AC83731F1ECD4188000CD47B /* SignInViewController.swift */,
				AC16DC0D1ECA75E7000A0D02 /* ProjectView */,
				AC16DC051EC96EEE000A0D02 /* AddTableViewController copy.swift */,
				AC16DC071ECA3316000A0D02 /* Model */,
				AC16DC0E1ECA75F8000A0D02 /* Controllers */,
				AC16DC0A1ECA73C2000A0D02 /* Main.storyboard */,
				AC16DBC41EC96CF8000A0D02 /* Assets.xcassets */,
				AC16DBC61EC96CF8000A0D02 /* LaunchScreen.storyboard */,
				AC1E537C1ECBED6E00C2BF54 /* GoogleService-Info.plist */,
				AC16DBC91EC96CF8000A0D02 /* Info.plist */,
			);
			path = Time;
			sourceTree = "<group>";
		};
		AC16DBD11EC96CF8000A0D02 /* TimeTests */ = {
			isa = PBXGroup;
			children = (
				AC16DBD21EC96CF8000A0D02 /* TimeTests.swift */,
				AC16DBD41EC96CF8000A0D02 /* Info.plist */,
			);
			path = TimeTests;
			sourceTree = "<group>";
		};
		AC16DBDC1EC96CF8000A0D02 /* TimeUITests */ = {
			isa = PBXGroup;
			children = (
				AC16DBDD1EC96CF8000A0D02 /* TimeUITests.swift */,
				AC16DBDF1EC96CF8000A0D02 /* Info.plist */,
			);
			path = TimeUITests;
			sourceTree = "<group>";
		};
		AC16DC071ECA3316000A0D02 /* Model */ = {
			isa = PBXGroup;
			children = (
				AC83731D1ECD35D9000CD47B /* User.swift */,
				AC76C30F1ECE952B0090A3FE /* Category.swift */,
				AC16DC011EC96EBA000A0D02 /* Project.swift */,
				AC16DBFD1EC96E7D000A0D02 /* ProjectTimer.swift */,
				AC16DBF71EC96E0B000A0D02 /* Session.swift */,
			);
			name = Model;
			sourceTree = "<group>";
		};
		AC16DC0D1ECA75E7000A0D02 /* ProjectView */ = {
			isa = PBXGroup;
			children = (
				AC16DBF51EC96DCB000A0D02 /* ProjectViewController.swift */,
				AC16DBF91EC96E0B000A0D02 /* TimerTableViewCell.swift */,
				ACEA96B71ECAD247002C2334 /* LargeTimerTableViewCell.swift */,
			);
			name = ProjectView;
			sourceTree = "<group>";
		};
		AC16DC0E1ECA75F8000A0D02 /* Controllers */ = {
			isa = PBXGroup;
			children = (
				AC8373251ECD4E39000CD47B /* UserController.swift */,
				AC76C3111ECE9A6C0090A3FE /* CategoryController.swift */,
				AC16DBFF1EC96EA4000A0D02 /* ProjectController.swift */,
				AC16DC081ECA3381000A0D02 /* SessionController.swift */,
			);
			name = Controllers;
			sourceTree = "<group>";
		};
/* End PBXGroup section */

/* Begin PBXNativeTarget section */
		AC16DBB91EC96CF8000A0D02 /* Time */ = {
			isa = PBXNativeTarget;
			buildConfigurationList = AC16DBE21EC96CF8000A0D02 /* Build configuration list for PBXNativeTarget "Time" */;
			buildPhases = (
				17E78E537593E28342C2C163 /* 📦 Check Pods Manifest.lock */,
				AC16DBB61EC96CF8000A0D02 /* Sources */,
				AC16DBB71EC96CF8000A0D02 /* Frameworks */,
				AC16DBB81EC96CF8000A0D02 /* Resources */,
				B128F56DC1CC0675D6BE8AA0 /* 📦 Embed Pods Frameworks */,
				26CB6C9A46082D6350E10FCA /* 📦 Copy Pods Resources */,
			);
			buildRules = (
			);
			dependencies = (
			);
			name = Time;
			productName = Time;
			productReference = AC16DBBA1EC96CF8000A0D02 /* Time.app */;
			productType = "com.apple.product-type.application";
		};
		AC16DBCD1EC96CF8000A0D02 /* TimeTests */ = {
			isa = PBXNativeTarget;
			buildConfigurationList = AC16DBE51EC96CF8000A0D02 /* Build configuration list for PBXNativeTarget "TimeTests" */;
			buildPhases = (
				74EF5AFF6D6A4F7530522B51 /* 📦 Check Pods Manifest.lock */,
				AC16DBCA1EC96CF8000A0D02 /* Sources */,
				AC16DBCB1EC96CF8000A0D02 /* Frameworks */,
				AC16DBCC1EC96CF8000A0D02 /* Resources */,
				53CFF21E5949D4A373AE8F9E /* 📦 Embed Pods Frameworks */,
				1EC4EA6491070622F6B302B6 /* 📦 Copy Pods Resources */,
			);
			buildRules = (
			);
			dependencies = (
				AC16DBD01EC96CF8000A0D02 /* PBXTargetDependency */,
			);
			name = TimeTests;
			productName = TimeTests;
			productReference = AC16DBCE1EC96CF8000A0D02 /* TimeTests.xctest */;
			productType = "com.apple.product-type.bundle.unit-test";
		};
		AC16DBD81EC96CF8000A0D02 /* TimeUITests */ = {
			isa = PBXNativeTarget;
			buildConfigurationList = AC16DBE81EC96CF8000A0D02 /* Build configuration list for PBXNativeTarget "TimeUITests" */;
			buildPhases = (
				E552F66C636CF6074AD3AC93 /* 📦 Check Pods Manifest.lock */,
				AC16DBD51EC96CF8000A0D02 /* Sources */,
				AC16DBD61EC96CF8000A0D02 /* Frameworks */,
				AC16DBD71EC96CF8000A0D02 /* Resources */,
				9DE958C4DCDFB8B2E26D1D70 /* 📦 Copy Pods Resources */,
			);
			buildRules = (
			);
			dependencies = (
				AC16DBDB1EC96CF8000A0D02 /* PBXTargetDependency */,
			);
			name = TimeUITests;
			productName = TimeUITests;
			productReference = AC16DBD91EC96CF8000A0D02 /* TimeUITests.xctest */;
			productType = "com.apple.product-type.bundle.ui-testing";
		};
/* End PBXNativeTarget section */

/* Begin PBXProject section */
		AC16DBB21EC96CF8000A0D02 /* Project object */ = {
			isa = PBXProject;
			attributes = {
				LastSwiftUpdateCheck = 0830;
				LastUpgradeCheck = 0830;
				ORGANIZATIONNAME = SORN;
				TargetAttributes = {
					AC16DBB91EC96CF8000A0D02 = {
						CreatedOnToolsVersion = 8.3.2;
						DevelopmentTeam = 84KNPHRLXA;
						LastSwiftMigration = 0830;
						ProvisioningStyle = Automatic;
					};
					AC16DBCD1EC96CF8000A0D02 = {
						CreatedOnToolsVersion = 8.3.2;
						DevelopmentTeam = 84KNPHRLXA;
						ProvisioningStyle = Automatic;
						TestTargetID = AC16DBB91EC96CF8000A0D02;
					};
					AC16DBD81EC96CF8000A0D02 = {
						CreatedOnToolsVersion = 8.3.2;
						DevelopmentTeam = 84KNPHRLXA;
						ProvisioningStyle = Automatic;
						TestTargetID = AC16DBB91EC96CF8000A0D02;
					};
				};
			};
			buildConfigurationList = AC16DBB51EC96CF8000A0D02 /* Build configuration list for PBXProject "Time" */;
			compatibilityVersion = "Xcode 3.2";
			developmentRegion = English;
			hasScannedForEncodings = 0;
			knownRegions = (
				en,
				Base,
			);
			mainGroup = AC16DBB11EC96CF8000A0D02;
			productRefGroup = AC16DBBB1EC96CF8000A0D02 /* Products */;
			projectDirPath = "";
			projectRoot = "";
			targets = (
				AC16DBB91EC96CF8000A0D02 /* Time */,
				AC16DBCD1EC96CF8000A0D02 /* TimeTests */,
				AC16DBD81EC96CF8000A0D02 /* TimeUITests */,
			);
		};
/* End PBXProject section */

/* Begin PBXResourcesBuildPhase section */
		AC16DBB81EC96CF8000A0D02 /* Resources */ = {
			isa = PBXResourcesBuildPhase;
			buildActionMask = 2147483647;
			files = (
				AC16DC0C1ECA73C2000A0D02 /* Main.storyboard in Resources */,
				AC1E537D1ECBED6E00C2BF54 /* GoogleService-Info.plist in Resources */,
				AC16DBC81EC96CF8000A0D02 /* LaunchScreen.storyboard in Resources */,
				AC16DBC51EC96CF8000A0D02 /* Assets.xcassets in Resources */,
			);
			runOnlyForDeploymentPostprocessing = 0;
		};
		AC16DBCC1EC96CF8000A0D02 /* Resources */ = {
			isa = PBXResourcesBuildPhase;
			buildActionMask = 2147483647;
			files = (
				AC1E537E1ECBED8A00C2BF54 /* GoogleService-Info.plist in Resources */,
			);
			runOnlyForDeploymentPostprocessing = 0;
		};
		AC16DBD71EC96CF8000A0D02 /* Resources */ = {
			isa = PBXResourcesBuildPhase;
			buildActionMask = 2147483647;
			files = (
				AC1E537F1ECBED8A00C2BF54 /* GoogleService-Info.plist in Resources */,
			);
			runOnlyForDeploymentPostprocessing = 0;
		};
/* End PBXResourcesBuildPhase section */

/* Begin PBXShellScriptBuildPhase section */
		17E78E537593E28342C2C163 /* 📦 Check Pods Manifest.lock */ = {
			isa = PBXShellScriptBuildPhase;
			buildActionMask = 2147483647;
			files = (
			);
			inputPaths = (
			);
			name = "📦 Check Pods Manifest.lock";
			outputPaths = (
			);
			runOnlyForDeploymentPostprocessing = 0;
			shellPath = /bin/sh;
			shellScript = "diff \"${PODS_ROOT}/../Podfile.lock\" \"${PODS_ROOT}/Manifest.lock\" > /dev/null\nif [[ $? != 0 ]] ; then\n    cat << EOM\nerror: The sandbox is not in sync with the Podfile.lock. Run 'pod install' or update your CocoaPods installation.\nEOM\n    exit 1\nfi\n";
			showEnvVarsInLog = 0;
		};
		1EC4EA6491070622F6B302B6 /* 📦 Copy Pods Resources */ = {
			isa = PBXShellScriptBuildPhase;
			buildActionMask = 2147483647;
			files = (
			);
			inputPaths = (
			);
			name = "📦 Copy Pods Resources";
			outputPaths = (
			);
			runOnlyForDeploymentPostprocessing = 0;
			shellPath = /bin/sh;
			shellScript = "\"${SRCROOT}/Pods/Target Support Files/Pods-TimeTests/Pods-TimeTests-resources.sh\"\n";
			showEnvVarsInLog = 0;
		};
		26CB6C9A46082D6350E10FCA /* 📦 Copy Pods Resources */ = {
			isa = PBXShellScriptBuildPhase;
			buildActionMask = 2147483647;
			files = (
			);
			inputPaths = (
			);
			name = "📦 Copy Pods Resources";
			outputPaths = (
			);
			runOnlyForDeploymentPostprocessing = 0;
			shellPath = /bin/sh;
			shellScript = "\"${SRCROOT}/Pods/Target Support Files/Pods-Time/Pods-Time-resources.sh\"\n";
			showEnvVarsInLog = 0;
		};
		53CFF21E5949D4A373AE8F9E /* 📦 Embed Pods Frameworks */ = {
			isa = PBXShellScriptBuildPhase;
			buildActionMask = 2147483647;
			files = (
			);
			inputPaths = (
			);
			name = "📦 Embed Pods Frameworks";
			outputPaths = (
			);
			runOnlyForDeploymentPostprocessing = 0;
			shellPath = /bin/sh;
			shellScript = "\"${SRCROOT}/Pods/Target Support Files/Pods-TimeTests/Pods-TimeTests-frameworks.sh\"\n";
			showEnvVarsInLog = 0;
		};
		74EF5AFF6D6A4F7530522B51 /* 📦 Check Pods Manifest.lock */ = {
			isa = PBXShellScriptBuildPhase;
			buildActionMask = 2147483647;
			files = (
			);
			inputPaths = (
			);
			name = "📦 Check Pods Manifest.lock";
			outputPaths = (
			);
			runOnlyForDeploymentPostprocessing = 0;
			shellPath = /bin/sh;
			shellScript = "diff \"${PODS_ROOT}/../Podfile.lock\" \"${PODS_ROOT}/Manifest.lock\" > /dev/null\nif [[ $? != 0 ]] ; then\n    cat << EOM\nerror: The sandbox is not in sync with the Podfile.lock. Run 'pod install' or update your CocoaPods installation.\nEOM\n    exit 1\nfi\n";
			showEnvVarsInLog = 0;
		};
		9DE958C4DCDFB8B2E26D1D70 /* 📦 Copy Pods Resources */ = {
			isa = PBXShellScriptBuildPhase;
			buildActionMask = 2147483647;
			files = (
			);
			inputPaths = (
			);
			name = "📦 Copy Pods Resources";
			outputPaths = (
			);
			runOnlyForDeploymentPostprocessing = 0;
			shellPath = /bin/sh;
			shellScript = "\"${SRCROOT}/Pods/Target Support Files/Pods-TimeUITests/Pods-TimeUITests-resources.sh\"\n";
			showEnvVarsInLog = 0;
		};
		B128F56DC1CC0675D6BE8AA0 /* 📦 Embed Pods Frameworks */ = {
			isa = PBXShellScriptBuildPhase;
			buildActionMask = 2147483647;
			files = (
			);
			inputPaths = (
			);
			name = "📦 Embed Pods Frameworks";
			outputPaths = (
			);
			runOnlyForDeploymentPostprocessing = 0;
			shellPath = /bin/sh;
			shellScript = "\"${SRCROOT}/Pods/Target Support Files/Pods-Time/Pods-Time-frameworks.sh\"\n";
			showEnvVarsInLog = 0;
		};
		E552F66C636CF6074AD3AC93 /* 📦 Check Pods Manifest.lock */ = {
			isa = PBXShellScriptBuildPhase;
			buildActionMask = 2147483647;
			files = (
			);
			inputPaths = (
			);
			name = "📦 Check Pods Manifest.lock";
			outputPaths = (
			);
			runOnlyForDeploymentPostprocessing = 0;
			shellPath = /bin/sh;
			shellScript = "diff \"${PODS_ROOT}/../Podfile.lock\" \"${PODS_ROOT}/Manifest.lock\" > /dev/null\nif [[ $? != 0 ]] ; then\n    cat << EOM\nerror: The sandbox is not in sync with the Podfile.lock. Run 'pod install' or update your CocoaPods installation.\nEOM\n    exit 1\nfi\n";
			showEnvVarsInLog = 0;
		};
/* End PBXShellScriptBuildPhase section */

/* Begin PBXSourcesBuildPhase section */
		AC16DBB61EC96CF8000A0D02 /* Sources */ = {
			isa = PBXSourcesBuildPhase;
			buildActionMask = 2147483647;
			files = (
				AC16DBFA1EC96E0B000A0D02 /* Session.swift in Sources */,
				AC16DBF61EC96DCB000A0D02 /* ProjectViewController.swift in Sources */,
				ACEA96B81ECAD247002C2334 /* LargeTimerTableViewCell.swift in Sources */,
				AC16DC001EC96EA4000A0D02 /* ProjectController.swift in Sources */,
				AC8373261ECD4E39000CD47B /* UserController.swift in Sources */,
				AC76C3121ECE9A6C0090A3FE /* CategoryController.swift in Sources */,
				AC16DC041EC96ED9000A0D02 /* AppDelegate.swift in Sources */,
				AC8373201ECD4188000CD47B /* SignInViewController.swift in Sources */,
				AC16DC091ECA3381000A0D02 /* SessionController.swift in Sources */,
				AC16DC061EC96EEE000A0D02 /* AddTableViewController copy.swift in Sources */,
				AC83731E1ECD35D9000CD47B /* User.swift in Sources */,
				AC16DBFE1EC96E7D000A0D02 /* ProjectTimer.swift in Sources */,
				AC76C3101ECE952B0090A3FE /* Category.swift in Sources */,
				AC76C30E1ECE89C00090A3FE /* TabBarController.swift in Sources */,
				AC16DBFC1EC96E0B000A0D02 /* TimerTableViewCell.swift in Sources */,
				AC16DC021EC96EBA000A0D02 /* Project.swift in Sources */,
			);
			runOnlyForDeploymentPostprocessing = 0;
		};
		AC16DBCA1EC96CF8000A0D02 /* Sources */ = {
			isa = PBXSourcesBuildPhase;
			buildActionMask = 2147483647;
			files = (
				AC16DBD31EC96CF8000A0D02 /* TimeTests.swift in Sources */,
			);
			runOnlyForDeploymentPostprocessing = 0;
		};
		AC16DBD51EC96CF8000A0D02 /* Sources */ = {
			isa = PBXSourcesBuildPhase;
			buildActionMask = 2147483647;
			files = (
				AC16DBDE1EC96CF8000A0D02 /* TimeUITests.swift in Sources */,
			);
			runOnlyForDeploymentPostprocessing = 0;
		};
/* End PBXSourcesBuildPhase section */

/* Begin PBXTargetDependency section */
		AC16DBD01EC96CF8000A0D02 /* PBXTargetDependency */ = {
			isa = PBXTargetDependency;
			target = AC16DBB91EC96CF8000A0D02 /* Time */;
			targetProxy = AC16DBCF1EC96CF8000A0D02 /* PBXContainerItemProxy */;
		};
		AC16DBDB1EC96CF8000A0D02 /* PBXTargetDependency */ = {
			isa = PBXTargetDependency;
			target = AC16DBB91EC96CF8000A0D02 /* Time */;
			targetProxy = AC16DBDA1EC96CF8000A0D02 /* PBXContainerItemProxy */;
		};
/* End PBXTargetDependency section */

/* Begin PBXVariantGroup section */
		AC16DBC61EC96CF8000A0D02 /* LaunchScreen.storyboard */ = {
			isa = PBXVariantGroup;
			children = (
				AC16DBC71EC96CF8000A0D02 /* Base */,
			);
			name = LaunchScreen.storyboard;
			sourceTree = "<group>";
		};
		AC16DC0A1ECA73C2000A0D02 /* Main.storyboard */ = {
			isa = PBXVariantGroup;
			children = (
				AC16DC0B1ECA73C2000A0D02 /* Base */,
			);
			name = Main.storyboard;
			sourceTree = "<group>";
		};
/* End PBXVariantGroup section */

/* Begin XCBuildConfiguration section */
		AC16DBE01EC96CF8000A0D02 /* Debug */ = {
			isa = XCBuildConfiguration;
			buildSettings = {
				ALWAYS_SEARCH_USER_PATHS = NO;
				CLANG_ANALYZER_NONNULL = YES;
				CLANG_ANALYZER_NUMBER_OBJECT_CONVERSION = YES_AGGRESSIVE;
				CLANG_CXX_LANGUAGE_STANDARD = "gnu++0x";
				CLANG_CXX_LIBRARY = "libc++";
				CLANG_ENABLE_MODULES = YES;
				CLANG_ENABLE_OBJC_ARC = YES;
				CLANG_WARN_BOOL_CONVERSION = YES;
				CLANG_WARN_CONSTANT_CONVERSION = YES;
				CLANG_WARN_DIRECT_OBJC_ISA_USAGE = YES_ERROR;
				CLANG_WARN_DOCUMENTATION_COMMENTS = YES;
				CLANG_WARN_EMPTY_BODY = YES;
				CLANG_WARN_ENUM_CONVERSION = YES;
				CLANG_WARN_INFINITE_RECURSION = YES;
				CLANG_WARN_INT_CONVERSION = YES;
				CLANG_WARN_OBJC_ROOT_CLASS = YES_ERROR;
				CLANG_WARN_SUSPICIOUS_MOVE = YES;
				CLANG_WARN_UNREACHABLE_CODE = YES;
				CLANG_WARN__DUPLICATE_METHOD_MATCH = YES;
				"CODE_SIGN_IDENTITY[sdk=iphoneos*]" = "iPhone Developer";
				COPY_PHASE_STRIP = NO;
				DEBUG_INFORMATION_FORMAT = dwarf;
				ENABLE_STRICT_OBJC_MSGSEND = YES;
				ENABLE_TESTABILITY = YES;
				GCC_C_LANGUAGE_STANDARD = gnu99;
				GCC_DYNAMIC_NO_PIC = NO;
				GCC_NO_COMMON_BLOCKS = YES;
				GCC_OPTIMIZATION_LEVEL = 0;
				GCC_PREPROCESSOR_DEFINITIONS = (
					"DEBUG=1",
					"$(inherited)",
				);
				GCC_WARN_64_TO_32_BIT_CONVERSION = YES;
				GCC_WARN_ABOUT_RETURN_TYPE = YES_ERROR;
				GCC_WARN_UNDECLARED_SELECTOR = YES;
				GCC_WARN_UNINITIALIZED_AUTOS = YES_AGGRESSIVE;
				GCC_WARN_UNUSED_FUNCTION = YES;
				GCC_WARN_UNUSED_VARIABLE = YES;
				IPHONEOS_DEPLOYMENT_TARGET = 10.3;
				MTL_ENABLE_DEBUG_INFO = YES;
				ONLY_ACTIVE_ARCH = YES;
				SDKROOT = iphoneos;
				SWIFT_ACTIVE_COMPILATION_CONDITIONS = DEBUG;
				SWIFT_OPTIMIZATION_LEVEL = "-Onone";
			};
			name = Debug;
		};
		AC16DBE11EC96CF8000A0D02 /* Release */ = {
			isa = XCBuildConfiguration;
			buildSettings = {
				ALWAYS_SEARCH_USER_PATHS = NO;
				CLANG_ANALYZER_NONNULL = YES;
				CLANG_ANALYZER_NUMBER_OBJECT_CONVERSION = YES_AGGRESSIVE;
				CLANG_CXX_LANGUAGE_STANDARD = "gnu++0x";
				CLANG_CXX_LIBRARY = "libc++";
				CLANG_ENABLE_MODULES = YES;
				CLANG_ENABLE_OBJC_ARC = YES;
				CLANG_WARN_BOOL_CONVERSION = YES;
				CLANG_WARN_CONSTANT_CONVERSION = YES;
				CLANG_WARN_DIRECT_OBJC_ISA_USAGE = YES_ERROR;
				CLANG_WARN_DOCUMENTATION_COMMENTS = YES;
				CLANG_WARN_EMPTY_BODY = YES;
				CLANG_WARN_ENUM_CONVERSION = YES;
				CLANG_WARN_INFINITE_RECURSION = YES;
				CLANG_WARN_INT_CONVERSION = YES;
				CLANG_WARN_OBJC_ROOT_CLASS = YES_ERROR;
				CLANG_WARN_SUSPICIOUS_MOVE = YES;
				CLANG_WARN_UNREACHABLE_CODE = YES;
				CLANG_WARN__DUPLICATE_METHOD_MATCH = YES;
				"CODE_SIGN_IDENTITY[sdk=iphoneos*]" = "iPhone Developer";
				COPY_PHASE_STRIP = NO;
				DEBUG_INFORMATION_FORMAT = "dwarf-with-dsym";
				ENABLE_NS_ASSERTIONS = NO;
				ENABLE_STRICT_OBJC_MSGSEND = YES;
				GCC_C_LANGUAGE_STANDARD = gnu99;
				GCC_NO_COMMON_BLOCKS = YES;
				GCC_WARN_64_TO_32_BIT_CONVERSION = YES;
				GCC_WARN_ABOUT_RETURN_TYPE = YES_ERROR;
				GCC_WARN_UNDECLARED_SELECTOR = YES;
				GCC_WARN_UNINITIALIZED_AUTOS = YES_AGGRESSIVE;
				GCC_WARN_UNUSED_FUNCTION = YES;
				GCC_WARN_UNUSED_VARIABLE = YES;
				IPHONEOS_DEPLOYMENT_TARGET = 10.3;
				MTL_ENABLE_DEBUG_INFO = NO;
				SDKROOT = iphoneos;
				SWIFT_OPTIMIZATION_LEVEL = "-Owholemodule";
				VALIDATE_PRODUCT = YES;
			};
			name = Release;
		};
		AC16DBE31EC96CF8000A0D02 /* Debug */ = {
			isa = XCBuildConfiguration;
			baseConfigurationReference = BED5F404D01003B35CC4B40A /* Pods-Time.debug.xcconfig */;
			buildSettings = {
				ASSETCATALOG_COMPILER_APPICON_NAME = AppIcon;
				CLANG_ENABLE_MODULES = YES;
				DEVELOPMENT_TEAM = 84KNPHRLXA;
				FRAMEWORK_SEARCH_PATHS = (
					"$(inherited)",
					"$(PROJECT_DIR)/Time",
				);
				INFOPLIST_FILE = Time/Info.plist;
				LD_RUNPATH_SEARCH_PATHS = "$(inherited) @executable_path/Frameworks";
				PRODUCT_BUNDLE_IDENTIFIER = com.solosoren.Time;
				PRODUCT_NAME = "$(TARGET_NAME)";
				SWIFT_OBJC_BRIDGING_HEADER = "";
				SWIFT_OPTIMIZATION_LEVEL = "-Onone";
				SWIFT_VERSION = 3.0;
			};
			name = Debug;
		};
		AC16DBE41EC96CF8000A0D02 /* Release */ = {
			isa = XCBuildConfiguration;
			baseConfigurationReference = D4A8F02873D7EBB47813ECCB /* Pods-Time.release.xcconfig */;
			buildSettings = {
				ASSETCATALOG_COMPILER_APPICON_NAME = AppIcon;
				CLANG_ENABLE_MODULES = YES;
				DEVELOPMENT_TEAM = 84KNPHRLXA;
				FRAMEWORK_SEARCH_PATHS = (
					"$(inherited)",
					"$(PROJECT_DIR)/Time",
				);
				INFOPLIST_FILE = Time/Info.plist;
				LD_RUNPATH_SEARCH_PATHS = "$(inherited) @executable_path/Frameworks";
				PRODUCT_BUNDLE_IDENTIFIER = com.solosoren.Time;
				PRODUCT_NAME = "$(TARGET_NAME)";
				SWIFT_OBJC_BRIDGING_HEADER = "";
				SWIFT_VERSION = 3.0;
			};
			name = Release;
		};
		AC16DBE61EC96CF8000A0D02 /* Debug */ = {
			isa = XCBuildConfiguration;
			baseConfigurationReference = B7022EDDC8331C7CCEAC3ECA /* Pods-TimeTests.debug.xcconfig */;
			buildSettings = {
				ALWAYS_EMBED_SWIFT_STANDARD_LIBRARIES = YES;
				BUNDLE_LOADER = "$(TEST_HOST)";
				DEVELOPMENT_TEAM = 84KNPHRLXA;
				INFOPLIST_FILE = TimeTests/Info.plist;
				LD_RUNPATH_SEARCH_PATHS = "$(inherited) @executable_path/Frameworks @loader_path/Frameworks";
				PRODUCT_BUNDLE_IDENTIFIER = com.bignerdranch.TimeTests;
				PRODUCT_NAME = "$(TARGET_NAME)";
				SWIFT_VERSION = 3.0;
				TEST_HOST = "$(BUILT_PRODUCTS_DIR)/Time.app/Time";
			};
			name = Debug;
		};
		AC16DBE71EC96CF8000A0D02 /* Release */ = {
			isa = XCBuildConfiguration;
			baseConfigurationReference = 5A1A961D939352D2BEEA3B79 /* Pods-TimeTests.release.xcconfig */;
			buildSettings = {
				ALWAYS_EMBED_SWIFT_STANDARD_LIBRARIES = YES;
				BUNDLE_LOADER = "$(TEST_HOST)";
				DEVELOPMENT_TEAM = 84KNPHRLXA;
				INFOPLIST_FILE = TimeTests/Info.plist;
				LD_RUNPATH_SEARCH_PATHS = "$(inherited) @executable_path/Frameworks @loader_path/Frameworks";
				PRODUCT_BUNDLE_IDENTIFIER = com.bignerdranch.TimeTests;
				PRODUCT_NAME = "$(TARGET_NAME)";
				SWIFT_VERSION = 3.0;
				TEST_HOST = "$(BUILT_PRODUCTS_DIR)/Time.app/Time";
			};
			name = Release;
		};
		AC16DBE91EC96CF8000A0D02 /* Debug */ = {
			isa = XCBuildConfiguration;
			baseConfigurationReference = 56A0711B2747209FD9E12E2F /* Pods-TimeUITests.debug.xcconfig */;
			buildSettings = {
				ALWAYS_EMBED_SWIFT_STANDARD_LIBRARIES = YES;
				DEVELOPMENT_TEAM = 84KNPHRLXA;
				INFOPLIST_FILE = TimeUITests/Info.plist;
				LD_RUNPATH_SEARCH_PATHS = "$(inherited) @executable_path/Frameworks @loader_path/Frameworks";
				PRODUCT_BUNDLE_IDENTIFIER = com.bignerdranch.TimeUITests;
				PRODUCT_NAME = "$(TARGET_NAME)";
				SWIFT_VERSION = 3.0;
				TEST_TARGET_NAME = Time;
			};
			name = Debug;
		};
		AC16DBEA1EC96CF8000A0D02 /* Release */ = {
			isa = XCBuildConfiguration;
			baseConfigurationReference = 0A5EF3B0B3751712B87157DA /* Pods-TimeUITests.release.xcconfig */;
			buildSettings = {
				ALWAYS_EMBED_SWIFT_STANDARD_LIBRARIES = YES;
				DEVELOPMENT_TEAM = 84KNPHRLXA;
				INFOPLIST_FILE = TimeUITests/Info.plist;
				LD_RUNPATH_SEARCH_PATHS = "$(inherited) @executable_path/Frameworks @loader_path/Frameworks";
				PRODUCT_BUNDLE_IDENTIFIER = com.bignerdranch.TimeUITests;
				PRODUCT_NAME = "$(TARGET_NAME)";
				SWIFT_VERSION = 3.0;
				TEST_TARGET_NAME = Time;
			};
			name = Release;
		};
/* End XCBuildConfiguration section */

/* Begin XCConfigurationList section */
		AC16DBB51EC96CF8000A0D02 /* Build configuration list for PBXProject "Time" */ = {
			isa = XCConfigurationList;
			buildConfigurations = (
				AC16DBE01EC96CF8000A0D02 /* Debug */,
				AC16DBE11EC96CF8000A0D02 /* Release */,
			);
			defaultConfigurationIsVisible = 0;
			defaultConfigurationName = Release;
		};
		AC16DBE21EC96CF8000A0D02 /* Build configuration list for PBXNativeTarget "Time" */ = {
			isa = XCConfigurationList;
			buildConfigurations = (
				AC16DBE31EC96CF8000A0D02 /* Debug */,
				AC16DBE41EC96CF8000A0D02 /* Release */,
			);
			defaultConfigurationIsVisible = 0;
			defaultConfigurationName = Release;
		};
		AC16DBE51EC96CF8000A0D02 /* Build configuration list for PBXNativeTarget "TimeTests" */ = {
			isa = XCConfigurationList;
			buildConfigurations = (
				AC16DBE61EC96CF8000A0D02 /* Debug */,
				AC16DBE71EC96CF8000A0D02 /* Release */,
			);
			defaultConfigurationIsVisible = 0;
			defaultConfigurationName = Release;
		};
		AC16DBE81EC96CF8000A0D02 /* Build configuration list for PBXNativeTarget "TimeUITests" */ = {
			isa = XCConfigurationList;
			buildConfigurations = (
				AC16DBE91EC96CF8000A0D02 /* Debug */,
				AC16DBEA1EC96CF8000A0D02 /* Release */,
			);
			defaultConfigurationIsVisible = 0;
			defaultConfigurationName = Release;
		};
/* End XCConfigurationList section */
	};
	rootObject = AC16DBB21EC96CF8000A0D02 /* Project object */;
}
